
Microsoft Visual Studio Solution File, Format Version 12.00
# Visual Studio Version 16
VisualStudioVersion = 16.0.31729.503
MinimumVisualStudioVersion = 10.0.40219.1
Project("{FAE04EC0-301F-11D3-BF4B-00C04F79EFBC}") = "ContestExhibition.Web", "ContestExhibition.Web\ContestExhibition.Web.csproj", "{87BD5CDB-8A31-4E48-BB5C-AD66648AD38F}"
EndProject
Project("{FAE04EC0-301F-11D3-BF4B-00C04F79EFBC}") = "ContestExhibition.Core", "ContestExhibition.Core\ContestExhibition.Core.csproj", "{DE2B15B4-53B1-415E-8D80-67DBBAA9667D}"
EndProject
Project("{FAE04EC0-301F-11D3-BF4B-00C04F79EFBC}") = "ContestExhibition.DAL", "ContestExhibition.DAL\ContestExhibition.DAL.csproj", "{8BF771DA-60AC-47BB-84DB-4B1BD2644A19}"
EndProject
Global
	GlobalSection(SolutionConfigurationPlatforms) = preSolution
		Debug|Any CPU = Debug|Any CPU
		Release|Any CPU = Release|Any CPU
	EndGlobalSection
	GlobalSection(ProjectConfigurationPlatforms) = postSolution
		{87BD5CDB-8A31-4E48-BB5C-AD66648AD38F}.Debug|Any CPU.ActiveCfg = Debug|Any CPU
		{87BD5CDB-8A31-4E48-BB5C-AD66648AD38F}.Debug|Any CPU.Build.0 = Debug|Any CPU
		{87BD5CDB-8A31-4E48-BB5C-AD66648AD38F}.Release|Any CPU.ActiveCfg = Release|Any CPU
		{87BD5CDB-8A31-4E48-BB5C-AD66648AD38F}.Release|Any CPU.Build.0 = Release|Any CPU
		{DE2B15B4-53B1-415E-8D80-67DBBAA9667D}.Debug|Any CPU.ActiveCfg = Debug|Any CPU
		{DE2B15B4-53B1-415E-8D80-67DBBAA9667D}.Debug|Any CPU.Build.0 = Debug|Any CPU
		{DE2B15B4-53B1-415E-8D80-67DBBAA9667D}.Release|Any CPU.ActiveCfg = Release|Any CPU
		{DE2B15B4-53B1-415E-8D80-67DBBAA9667D}.Release|Any CPU.Build.0 = Release|Any CPU
		{8BF771DA-60AC-47BB-84DB-4B1BD2644A19}.Debug|Any CPU.ActiveCfg = Debug|Any CPU
		{8BF771DA-60AC-47BB-84DB-4B1BD2644A19}.Debug|Any CPU.Build.0 = Debug|Any CPU
		{8BF771DA-60AC-47BB-84DB-4B1BD2644A19}.Release|Any CPU.ActiveCfg = Release|Any CPU
		{8BF771DA-60AC-47BB-84DB-4B1BD2644A19}.Release|Any CPU.Build.0 = Release|Any CPU
	EndGlobalSection
	GlobalSection(SolutionProperties) = preSolution
		HideSolutionNode = FALSE
	EndGlobalSection
	GlobalSection(ExtensibilityGlobals) = postSolution
		SolutionGuid = {E9FC90B0-EBFA-481B-954D-04390D34CA83}
	EndGlobalSection
EndGlobal
